
Microsoft Visual Studio Solution File, Format Version 12.00
# Visual Studio Version 16
VisualStudioVersion = 16.0.31515.178
MinimumVisualStudioVersion = 10.0.40219.1
Project("{9A19103F-16F7-4668-BE54-9A1E7A4F7556}") = "Models", "Models\Models.csproj", "{099E3651-9CA2-4816-A96E-3B12BC413E7C}"
EndProject
Project("{9A19103F-16F7-4668-BE54-9A1E7A4F7556}") = "SearchRankingAPI", "SearchRankingAPI\SearchRankingAPI.csproj", "{ECBCBF7F-711D-4D80-AE9F-ECFCCAEB5D02}"
EndProject
Project("{9A19103F-16F7-4668-BE54-9A1E7A4F7556}") = "SearchRankingProcessor", "SearchRankingProcessor\SearchRankingProcessor.csproj", "{2ED01340-14B8-4CC8-A20E-A6037CBC9E99}"
EndProject
Project("{9A19103F-16F7-4668-BE54-9A1E7A4F7556}") = "SearchRankingProcessor.Tests", "SearchRankingProcessor.Tests\SearchRankingProcessor.Tests.csproj", "{5F7D0875-4E44-4523-B689-13B01373A786}"
EndProject
Project("{2150E333-8FDC-42A3-9474-1A3956D46DE8}") = "API", "API", "{AC8E0B86-668B-40BC-91E8-9A5379789842}"
EndProject
Project("{2150E333-8FDC-42A3-9474-1A3956D46DE8}") = "Client.Desktop", "Client.Desktop", "{2A22EE9A-18BF-466C-9331-A2EF43A588C7}"
EndProject
Project("{9A19103F-16F7-4668-BE54-9A1E7A4F7556}") = "SearchRankingAPI.IntegrationTests", "SearchRankingAPI.IntegrationTests\SearchRankingAPI.IntegrationTests.csproj", "{6647A294-F672-4C06-A703-79D66D77E754}"
EndProject
Project("{9A19103F-16F7-4668-BE54-9A1E7A4F7556}") = "SearchRankingApp", "SearchRankingApp\SearchRankingApp.csproj", "{81AC2A3A-E33A-4DE1-A94A-6802BAA740FF}"
EndProject
Project("{9A19103F-16F7-4668-BE54-9A1E7A4F7556}") = "APIProxy", "APIProxy\APIProxy.csproj", "{3C383B27-3165-4FA3-AC91-F28547A43773}"
EndProject
Project("{9A19103F-16F7-4668-BE54-9A1E7A4F7556}") = "ViewModel.Tests", "ViewModel.Tests\ViewModel.Tests.csproj", "{B429DA56-EB04-47B7-8BFE-C850192E542A}"
EndProject
Project("{2150E333-8FDC-42A3-9474-1A3956D46DE8}") = "ServerLess", "ServerLess", "{8FA0F06F-23A2-4DF6-BF46-E5DE081ED891}"
EndProject
Project("{FAE04EC0-301F-11D3-BF4B-00C04F79EFBC}") = "SearchRanking.ServerlessFunc", "SearchRanking.ServerlessFunc\SearchRanking.ServerlessFunc.csproj", "{6597D6ED-86FD-4F94-96EA-6E6A9F4340E9}"
EndProject
Global
	GlobalSection(SolutionConfigurationPlatforms) = preSolution
		Debug|Any CPU = Debug|Any CPU
		Release|Any CPU = Release|Any CPU
	EndGlobalSection
	GlobalSection(ProjectConfigurationPlatforms) = postSolution
		{099E3651-9CA2-4816-A96E-3B12BC413E7C}.Debug|Any CPU.ActiveCfg = Debug|Any CPU
		{099E3651-9CA2-4816-A96E-3B12BC413E7C}.Debug|Any CPU.Build.0 = Debug|Any CPU
		{099E3651-9CA2-4816-A96E-3B12BC413E7C}.Release|Any CPU.ActiveCfg = Release|Any CPU
		{099E3651-9CA2-4816-A96E-3B12BC413E7C}.Release|Any CPU.Build.0 = Release|Any CPU
		{ECBCBF7F-711D-4D80-AE9F-ECFCCAEB5D02}.Debug|Any CPU.ActiveCfg = Debug|Any CPU
		{ECBCBF7F-711D-4D80-AE9F-ECFCCAEB5D02}.Debug|Any CPU.Build.0 = Debug|Any CPU
		{ECBCBF7F-711D-4D80-AE9F-ECFCCAEB5D02}.Release|Any CPU.ActiveCfg = Release|Any CPU
		{ECBCBF7F-711D-4D80-AE9F-ECFCCAEB5D02}.Release|Any CPU.Build.0 = Release|Any CPU
		{2ED01340-14B8-4CC8-A20E-A6037CBC9E99}.Debug|Any CPU.ActiveCfg = Debug|Any CPU
		{2ED01340-14B8-4CC8-A20E-A6037CBC9E99}.Debug|Any CPU.Build.0 = Debug|Any CPU
		{2ED01340-14B8-4CC8-A20E-A6037CBC9E99}.Release|Any CPU.ActiveCfg = Release|Any CPU
		{2ED01340-14B8-4CC8-A20E-A6037CBC9E99}.Release|Any CPU.Build.0 = Release|Any CPU
		{5F7D0875-4E44-4523-B689-13B01373A786}.Debug|Any CPU.ActiveCfg = Debug|Any CPU
		{5F7D0875-4E44-4523-B689-13B01373A786}.Debug|Any CPU.Build.0 = Debug|Any CPU
		{5F7D0875-4E44-4523-B689-13B01373A786}.Release|Any CPU.ActiveCfg = Release|Any CPU
		{5F7D0875-4E44-4523-B689-13B01373A786}.Release|Any CPU.Build.0 = Release|Any CPU
		{6647A294-F672-4C06-A703-79D66D77E754}.Debug|Any CPU.ActiveCfg = Debug|Any CPU
		{6647A294-F672-4C06-A703-79D66D77E754}.Debug|Any CPU.Build.0 = Debug|Any CPU
		{6647A294-F672-4C06-A703-79D66D77E754}.Release|Any CPU.ActiveCfg = Release|Any CPU
		{6647A294-F672-4C06-A703-79D66D77E754}.Release|Any CPU.Build.0 = Release|Any CPU
		{81AC2A3A-E33A-4DE1-A94A-6802BAA740FF}.Debug|Any CPU.ActiveCfg = Debug|Any CPU
		{81AC2A3A-E33A-4DE1-A94A-6802BAA740FF}.Debug|Any CPU.Build.0 = Debug|Any CPU
		{81AC2A3A-E33A-4DE1-A94A-6802BAA740FF}.Release|Any CPU.ActiveCfg = Release|Any CPU
		{81AC2A3A-E33A-4DE1-A94A-6802BAA740FF}.Release|Any CPU.Build.0 = Release|Any CPU
		{3C383B27-3165-4FA3-AC91-F28547A43773}.Debug|Any CPU.ActiveCfg = Debug|Any CPU
		{3C383B27-3165-4FA3-AC91-F28547A43773}.Debug|Any CPU.Build.0 = Debug|Any CPU
		{3C383B27-3165-4FA3-AC91-F28547A43773}.Release|Any CPU.ActiveCfg = Release|Any CPU
		{3C383B27-3165-4FA3-AC91-F28547A43773}.Release|Any CPU.Build.0 = Release|Any CPU
		{B429DA56-EB04-47B7-8BFE-C850192E542A}.Debug|Any CPU.ActiveCfg = Debug|Any CPU
		{B429DA56-EB04-47B7-8BFE-C850192E542A}.Debug|Any CPU.Build.0 = Debug|Any CPU
		{B429DA56-EB04-47B7-8BFE-C850192E542A}.Release|Any CPU.ActiveCfg = Release|Any CPU
		{B429DA56-EB04-47B7-8BFE-C850192E542A}.Release|Any CPU.Build.0 = Release|Any CPU
		{6597D6ED-86FD-4F94-96EA-6E6A9F4340E9}.Debug|Any CPU.ActiveCfg = Debug|Any CPU
		{6597D6ED-86FD-4F94-96EA-6E6A9F4340E9}.Debug|Any CPU.Build.0 = Debug|Any CPU
		{6597D6ED-86FD-4F94-96EA-6E6A9F4340E9}.Release|Any CPU.ActiveCfg = Release|Any CPU
		{6597D6ED-86FD-4F94-96EA-6E6A9F4340E9}.Release|Any CPU.Build.0 = Release|Any CPU
	EndGlobalSection
	GlobalSection(SolutionProperties) = preSolution
		HideSolutionNode = FALSE
	EndGlobalSection
	GlobalSection(NestedProjects) = preSolution
		{099E3651-9CA2-4816-A96E-3B12BC413E7C} = {AC8E0B86-668B-40BC-91E8-9A5379789842}
		{ECBCBF7F-711D-4D80-AE9F-ECFCCAEB5D02} = {AC8E0B86-668B-40BC-91E8-9A5379789842}
		{2ED01340-14B8-4CC8-A20E-A6037CBC9E99} = {AC8E0B86-668B-40BC-91E8-9A5379789842}
		{5F7D0875-4E44-4523-B689-13B01373A786} = {AC8E0B86-668B-40BC-91E8-9A5379789842}
		{6647A294-F672-4C06-A703-79D66D77E754} = {AC8E0B86-668B-40BC-91E8-9A5379789842}
		{81AC2A3A-E33A-4DE1-A94A-6802BAA740FF} = {2A22EE9A-18BF-466C-9331-A2EF43A588C7}
		{3C383B27-3165-4FA3-AC91-F28547A43773} = {2A22EE9A-18BF-466C-9331-A2EF43A588C7}
		{B429DA56-EB04-47B7-8BFE-C850192E542A} = {2A22EE9A-18BF-466C-9331-A2EF43A588C7}
		{6597D6ED-86FD-4F94-96EA-6E6A9F4340E9} = {8FA0F06F-23A2-4DF6-BF46-E5DE081ED891}
	EndGlobalSection
	GlobalSection(ExtensibilityGlobals) = postSolution
		SolutionGuid = {5FE5AA75-E85E-4D31-9614-7D37B900A781}
	EndGlobalSection
EndGlobal
